
Microsoft Visual Studio Solution File, Format Version 12.00
# Visual Studio Version 16
VisualStudioVersion = 16.0.32407.337
MinimumVisualStudioVersion = 10.0.40219.1
Project("{9A19103F-16F7-4668-BE54-9A1E7A4F7556}") = "HandsOnLinq", "HandsOnLinq\HandsOnLinq.csproj", "{C0DC53D6-59B3-4B53-9EDA-D40C6F08CA1F}"
EndProject
Project("{FAE04EC0-301F-11D3-BF4B-00C04F79EFBC}") = "Practice", "Practice\Practice.csproj", "{496A91D1-27C0-4396-97EA-BA8EC6670707}"
EndProject
Global
	GlobalSection(SolutionConfigurationPlatforms) = preSolution
		Debug|Any CPU = Debug|Any CPU
		Release|Any CPU = Release|Any CPU
	EndGlobalSection
	GlobalSection(ProjectConfigurationPlatforms) = postSolution
		{C0DC53D6-59B3-4B53-9EDA-D40C6F08CA1F}.Debug|Any CPU.ActiveCfg = Debug|Any CPU
		{C0DC53D6-59B3-4B53-9EDA-D40C6F08CA1F}.Debug|Any CPU.Build.0 = Debug|Any CPU
		{C0DC53D6-59B3-4B53-9EDA-D40C6F08CA1F}.Release|Any CPU.ActiveCfg = Release|Any CPU
		{C0DC53D6-59B3-4B53-9EDA-D40C6F08CA1F}.Release|Any CPU.Build.0 = Release|Any CPU
		{496A91D1-27C0-4396-97EA-BA8EC6670707}.Debug|Any CPU.ActiveCfg = Debug|Any CPU
		{496A91D1-27C0-4396-97EA-BA8EC6670707}.Debug|Any CPU.Build.0 = Debug|Any CPU
		{496A91D1-27C0-4396-97EA-BA8EC6670707}.Release|Any CPU.ActiveCfg = Release|Any CPU
		{496A91D1-27C0-4396-97EA-BA8EC6670707}.Release|Any CPU.Build.0 = Release|Any CPU
	EndGlobalSection
	GlobalSection(SolutionProperties) = preSolution
		HideSolutionNode = FALSE
	EndGlobalSection
	GlobalSection(ExtensibilityGlobals) = postSolution
		SolutionGuid = {B70ECF47-A6B4-48ED-A088-55106E18DA9D}
	EndGlobalSection
EndGlobal
